{
  "pins" : [
    {
      "identity" : "alamofire",
      "kind" : "remoteSourceControl",
      "location" : "https://github.com/Alamofire/Alamofire.git",
      "state" : {
        "revision" : "64dd16a5f2099dd5400f5e6d1442dc5ab0c1d917",
        "version" : "5.2.0"
      }
    },
    {
      "identity" : "chartview",
      "kind" : "remoteSourceControl",
      "location" : "https://github.com/AppPear/ChartView",
      "state" : {
        "revision" : "9115a992c91fa19cbb4f2241084240d38654a1fc",
        "version" : "1.5.5"
      }
    },
    {
      "identity" : "swiftyfinance",
      "kind" : "remoteSourceControl",
      "location" : "https://github.com/AlexRoar/SwiftYFinance",
      "state" : {
        "revision" : "bcc81f5648e6bd189f7a0fdb97ddaf70dff8133f",
        "version" : "2.0.0"
      }
    },
    {
      "identity" : "swiftyjson",
      "kind" : "remoteSourceControl",
      "location" : "https://github.com/SwiftyJSON/SwiftyJSON.git",
      "state" : {
        "revision" : "2b6054efa051565954e1d2b9da831680026cd768",
        "version" : "4.3.0"
      }
    }
  ],
  "version" : 2
}
